
Microsoft Visual Studio Solution File, Format Version 12.00
# Visual Studio Version 17
VisualStudioVersion = 17.3.32922.545
MinimumVisualStudioVersion = 10.0.40219.1
Project("{FAE04EC0-301F-11D3-BF4B-00C04F79EFBC}") = "TestTallestBuildings", "TestTallestBuildings_Simple\TestTallestBuildings.csproj", "{4577D76E-EF0A-4835-A66F-75C2D3E454FD}"
EndProject
Global
	GlobalSection(SolutionConfigurationPlatforms) = preSolution
		Debug|Any CPU = Debug|Any CPU
		Release|Any CPU = Release|Any CPU
	EndGlobalSection
	GlobalSection(ProjectConfigurationPlatforms) = postSolution
		{4577D76E-EF0A-4835-A66F-75C2D3E454FD}.Debug|Any CPU.ActiveCfg = Debug|Any CPU
		{4577D76E-EF0A-4835-A66F-75C2D3E454FD}.Debug|Any CPU.Build.0 = Debug|Any CPU
		{4577D76E-EF0A-4835-A66F-75C2D3E454FD}.Release|Any CPU.ActiveCfg = Release|Any CPU
		{4577D76E-EF0A-4835-A66F-75C2D3E454FD}.Release|Any CPU.Build.0 = Release|Any CPU
	EndGlobalSection
	GlobalSection(SolutionProperties) = preSolution
		HideSolutionNode = FALSE
	EndGlobalSection
	GlobalSection(ExtensibilityGlobals) = postSolution
		SolutionGuid = {3B51D640-0055-4143-9210-A67D22558EF9}
	EndGlobalSection
EndGlobal
